
Microsoft Visual Studio Solution File, Format Version 12.00
# Visual Studio Version 17
VisualStudioVersion = 17.0.31903.59
MinimumVisualStudioVersion = 10.0.40219.1
Project("{2150E333-8FDC-42A3-9474-1A3956D46DE8}") = "src", "src", "{9D9E09B9-DEE9-42CC-BA93-AB581D3EDCF4}"
EndProject
Project("{FAE04EC0-301F-11D3-BF4B-00C04F79EFBC}") = "ApTutor.Curriculum", "src\ApTutor.Curriculum\ApTutor.Curriculum.csproj", "{11B4E64C-BE44-437E-A92D-A2B168541F96}"
EndProject
Project("{FAE04EC0-301F-11D3-BF4B-00C04F79EFBC}") = "ApTutor.Platform", "src\ApTutor.Platform\ApTutor.Platform.csproj", "{BA87688B-9691-4470-BFD0-54032F74CD29}"
EndProject
Project("{FAE04EC0-301F-11D3-BF4B-00C04F79EFBC}") = "ApTutor.Scene", "src\ApTutor.Scene\ApTutor.Scene.csproj", "{C8002B0D-930E-4FE5-92B5-0959DC0E51FC}"
EndProject
Project("{FAE04EC0-301F-11D3-BF4B-00C04F79EFBC}") = "ApTutor.Tracer.Csa", "src\ApTutor.Tracer.Csa\ApTutor.Tracer.Csa.csproj", "{B0F0C7B1-D261-4864-8E09-8768CD359FFB}"
EndProject
Project("{FAE04EC0-301F-11D3-BF4B-00C04F79EFBC}") = "ApTutor.Client", "src\ApTutor.Client\ApTutor.Client.csproj", "{AA4CA244-8C1C-4205-9720-8CD7D5AEE151}"
EndProject
Project("{2150E333-8FDC-42A3-9474-1A3956D46DE8}") = "tests", "tests", "{181B70E3-E687-422A-90AE-3E5DCF38398A}"
EndProject
Project("{FAE04EC0-301F-11D3-BF4B-00C04F79EFBC}") = "ApTutor.Tests", "tests\ApTutor.Tests\ApTutor.Tests.csproj", "{0AEF9F3C-E8F9-4178-9879-CD070F05661E}"
EndProject
Global
	GlobalSection(SolutionConfigurationPlatforms) = preSolution
		Debug|Any CPU = Debug|Any CPU
		Release|Any CPU = Release|Any CPU
	EndGlobalSection
	GlobalSection(SolutionProperties) = preSolution
		HideSolutionNode = FALSE
	EndGlobalSection
	GlobalSection(ProjectConfigurationPlatforms) = postSolution
		{11B4E64C-BE44-437E-A92D-A2B168541F96}.Debug|Any CPU.ActiveCfg = Debug|Any CPU
		{11B4E64C-BE44-437E-A92D-A2B168541F96}.Debug|Any CPU.Build.0 = Debug|Any CPU
		{11B4E64C-BE44-437E-A92D-A2B168541F96}.Release|Any CPU.ActiveCfg = Release|Any CPU
		{11B4E64C-BE44-437E-A92D-A2B168541F96}.Release|Any CPU.Build.0 = Release|Any CPU
		{BA87688B-9691-4470-BFD0-54032F74CD29}.Debug|Any CPU.ActiveCfg = Debug|Any CPU
		{BA87688B-9691-4470-BFD0-54032F74CD29}.Debug|Any CPU.Build.0 = Debug|Any CPU
		{BA87688B-9691-4470-BFD0-54032F74CD29}.Release|Any CPU.ActiveCfg = Release|Any CPU
		{BA87688B-9691-4470-BFD0-54032F74CD29}.Release|Any CPU.Build.0 = Release|Any CPU
		{C8002B0D-930E-4FE5-92B5-0959DC0E51FC}.Debug|Any CPU.ActiveCfg = Debug|Any CPU
		{C8002B0D-930E-4FE5-92B5-0959DC0E51FC}.Debug|Any CPU.Build.0 = Debug|Any CPU
		{C8002B0D-930E-4FE5-92B5-0959DC0E51FC}.Release|Any CPU.ActiveCfg = Release|Any CPU
		{C8002B0D-930E-4FE5-92B5-0959DC0E51FC}.Release|Any CPU.Build.0 = Release|Any CPU
		{B0F0C7B1-D261-4864-8E09-8768CD359FFB}.Debug|Any CPU.ActiveCfg = Debug|Any CPU
		{B0F0C7B1-D261-4864-8E09-8768CD359FFB}.Debug|Any CPU.Build.0 = Debug|Any CPU
		{B0F0C7B1-D261-4864-8E09-8768CD359FFB}.Release|Any CPU.ActiveCfg = Release|Any CPU
		{B0F0C7B1-D261-4864-8E09-8768CD359FFB}.Release|Any CPU.Build.0 = Release|Any CPU
		{AA4CA244-8C1C-4205-9720-8CD7D5AEE151}.Debug|Any CPU.ActiveCfg = Debug|Any CPU
		{AA4CA244-8C1C-4205-9720-8CD7D5AEE151}.Debug|Any CPU.Build.0 = Debug|Any CPU
		{AA4CA244-8C1C-4205-9720-8CD7D5AEE151}.Release|Any CPU.ActiveCfg = Release|Any CPU
		{AA4CA244-8C1C-4205-9720-8CD7D5AEE151}.Release|Any CPU.Build.0 = Release|Any CPU
		{0AEF9F3C-E8F9-4178-9879-CD070F05661E}.Debug|Any CPU.ActiveCfg = Debug|Any CPU
		{0AEF9F3C-E8F9-4178-9879-CD070F05661E}.Debug|Any CPU.Build.0 = Debug|Any CPU
		{0AEF9F3C-E8F9-4178-9879-CD070F05661E}.Release|Any CPU.ActiveCfg = Release|Any CPU
		{0AEF9F3C-E8F9-4178-9879-CD070F05661E}.Release|Any CPU.Build.0 = Release|Any CPU
	EndGlobalSection
	GlobalSection(NestedProjects) = preSolution
		{11B4E64C-BE44-437E-A92D-A2B168541F96} = {9D9E09B9-DEE9-42CC-BA93-AB581D3EDCF4}
		{BA87688B-9691-4470-BFD0-54032F74CD29} = {9D9E09B9-DEE9-42CC-BA93-AB581D3EDCF4}
		{C8002B0D-930E-4FE5-92B5-0959DC0E51FC} = {9D9E09B9-DEE9-42CC-BA93-AB581D3EDCF4}
		{B0F0C7B1-D261-4864-8E09-8768CD359FFB} = {9D9E09B9-DEE9-42CC-BA93-AB581D3EDCF4}
		{AA4CA244-8C1C-4205-9720-8CD7D5AEE151} = {9D9E09B9-DEE9-42CC-BA93-AB581D3EDCF4}
		{0AEF9F3C-E8F9-4178-9879-CD070F05661E} = {181B70E3-E687-422A-90AE-3E5DCF38398A}
	EndGlobalSection
EndGlobal
